
Microsoft Visual Studio Solution File, Format Version 12.00
# Visual Studio 2012
Project("{FAE04EC0-301F-11D3-BF4B-00C04F79EFBC}") = "KaoniDay01", "KaoniDay01\KaoniDay01.csproj", "{D605957A-5B51-49D3-A8B1-9616956BEE63}"
EndProject
Global
	GlobalSection(SolutionConfigurationPlatforms) = preSolution
		Debug|Any CPU = Debug|Any CPU
		Release|Any CPU = Release|Any CPU
	EndGlobalSection
	GlobalSection(ProjectConfigurationPlatforms) = postSolution
		{D605957A-5B51-49D3-A8B1-9616956BEE63}.Debug|Any CPU.ActiveCfg = Debug|Any CPU
		{D605957A-5B51-49D3-A8B1-9616956BEE63}.Debug|Any CPU.Build.0 = Debug|Any CPU
		{D605957A-5B51-49D3-A8B1-9616956BEE63}.Release|Any CPU.ActiveCfg = Release|Any CPU
		{D605957A-5B51-49D3-A8B1-9616956BEE63}.Release|Any CPU.Build.0 = Release|Any CPU
	EndGlobalSection
	GlobalSection(SolutionProperties) = preSolution
		HideSolutionNode = FALSE
	EndGlobalSection
EndGlobal
