
Microsoft Visual Studio Solution File, Format Version 12.00
# Visual Studio 2012
Project("{FAE04EC0-301F-11D3-BF4B-00C04F79EFBC}") = "MultiplicationTable", "KaoniDay03\MultiplicationTable.csproj", "{BA64687C-DC82-4C59-B3F4-6544209BEC47}"
EndProject
Project("{FAE04EC0-301F-11D3-BF4B-00C04F79EFBC}") = "RockPaperScissors", "RockPaperScissors\RockPaperScissors.csproj", "{F4E32F50-3707-403C-8D20-EF4D9CAD625B}"
EndProject
Global
	GlobalSection(SolutionConfigurationPlatforms) = preSolution
		Debug|Any CPU = Debug|Any CPU
		Release|Any CPU = Release|Any CPU
	EndGlobalSection
	GlobalSection(ProjectConfigurationPlatforms) = postSolution
		{BA64687C-DC82-4C59-B3F4-6544209BEC47}.Debug|Any CPU.ActiveCfg = Debug|Any CPU
		{BA64687C-DC82-4C59-B3F4-6544209BEC47}.Debug|Any CPU.Build.0 = Debug|Any CPU
		{BA64687C-DC82-4C59-B3F4-6544209BEC47}.Release|Any CPU.ActiveCfg = Release|Any CPU
		{BA64687C-DC82-4C59-B3F4-6544209BEC47}.Release|Any CPU.Build.0 = Release|Any CPU
		{F4E32F50-3707-403C-8D20-EF4D9CAD625B}.Debug|Any CPU.ActiveCfg = Debug|Any CPU
		{F4E32F50-3707-403C-8D20-EF4D9CAD625B}.Debug|Any CPU.Build.0 = Debug|Any CPU
		{F4E32F50-3707-403C-8D20-EF4D9CAD625B}.Release|Any CPU.ActiveCfg = Release|Any CPU
		{F4E32F50-3707-403C-8D20-EF4D9CAD625B}.Release|Any CPU.Build.0 = Release|Any CPU
	EndGlobalSection
	GlobalSection(SolutionProperties) = preSolution
		HideSolutionNode = FALSE
	EndGlobalSection
EndGlobal
