
Microsoft Visual Studio Solution File, Format Version 12.00
# Visual Studio 2012
Project("{FAE04EC0-301F-11D3-BF4B-00C04F79EFBC}") = "ExplicitDataType", "ExplicitDataType\ExplicitDataType.csproj", "{D67A00B4-C4E2-4856-AFFB-B776C6EE8E43}"
EndProject
Global
	GlobalSection(SolutionConfigurationPlatforms) = preSolution
		Debug|Any CPU = Debug|Any CPU
		Release|Any CPU = Release|Any CPU
	EndGlobalSection
	GlobalSection(ProjectConfigurationPlatforms) = postSolution
		{D67A00B4-C4E2-4856-AFFB-B776C6EE8E43}.Debug|Any CPU.ActiveCfg = Debug|Any CPU
		{D67A00B4-C4E2-4856-AFFB-B776C6EE8E43}.Debug|Any CPU.Build.0 = Debug|Any CPU
		{D67A00B4-C4E2-4856-AFFB-B776C6EE8E43}.Release|Any CPU.ActiveCfg = Release|Any CPU
		{D67A00B4-C4E2-4856-AFFB-B776C6EE8E43}.Release|Any CPU.Build.0 = Release|Any CPU
	EndGlobalSection
	GlobalSection(SolutionProperties) = preSolution
		HideSolutionNode = FALSE
	EndGlobalSection
EndGlobal
