
Microsoft Visual Studio Solution File, Format Version 12.00
# Visual Studio Express 2012 for Windows Desktop
Project("{FAE04EC0-301F-11D3-BF4B-00C04F79EFBC}") = "KaoniDay01", "KaoniDay01\KaoniDay01.csproj", "{42C1D1B4-0DBA-4EE1-BEF3-7055EEED1BCC}"
EndProject
Global
	GlobalSection(SolutionConfigurationPlatforms) = preSolution
		Debug|Any CPU = Debug|Any CPU
		Release|Any CPU = Release|Any CPU
	EndGlobalSection
	GlobalSection(ProjectConfigurationPlatforms) = postSolution
		{42C1D1B4-0DBA-4EE1-BEF3-7055EEED1BCC}.Debug|Any CPU.ActiveCfg = Debug|Any CPU
		{42C1D1B4-0DBA-4EE1-BEF3-7055EEED1BCC}.Debug|Any CPU.Build.0 = Debug|Any CPU
		{42C1D1B4-0DBA-4EE1-BEF3-7055EEED1BCC}.Release|Any CPU.ActiveCfg = Release|Any CPU
		{42C1D1B4-0DBA-4EE1-BEF3-7055EEED1BCC}.Release|Any CPU.Build.0 = Release|Any CPU
	EndGlobalSection
	GlobalSection(SolutionProperties) = preSolution
		HideSolutionNode = FALSE
	EndGlobalSection
EndGlobal
