
Microsoft Visual Studio Solution File, Format Version 12.00
# Visual Studio 2012
Project("{FAE04EC0-301F-11D3-BF4B-00C04F79EFBC}") = "Ex01", "Ex01\Ex01.csproj", "{F03A92F4-31EB-4A5F-929C-5EA0B6A51503}"
EndProject
Project("{FAE04EC0-301F-11D3-BF4B-00C04F79EFBC}") = "Ex02", "Ex02\Ex02.csproj", "{B2885187-87A3-4B51-8A3A-C7EDE29B5129}"
EndProject
Project("{FAE04EC0-301F-11D3-BF4B-00C04F79EFBC}") = "Ex03", "Ex03\Ex03.csproj", "{EB85CD26-9632-44E0-A14B-AF8F1BC1B54E}"
EndProject
Project("{FAE04EC0-301F-11D3-BF4B-00C04F79EFBC}") = "Ex04", "Ex04\Ex04.csproj", "{2106CC0D-4427-4861-A89F-C6C05878739E}"
EndProject
Project("{FAE04EC0-301F-11D3-BF4B-00C04F79EFBC}") = "EXG01", "EXG01\EXG01.csproj", "{5BE6A92A-A1EB-41AA-9395-3C4600D19C96}"
EndProject
Project("{FAE04EC0-301F-11D3-BF4B-00C04F79EFBC}") = "EXG02", "EXG02\EXG02.csproj", "{5B8BC2D5-9150-4611-A0AC-9328C8851639}"
EndProject
Project("{FAE04EC0-301F-11D3-BF4B-00C04F79EFBC}") = "EXG03", "EXG03\EXG03.csproj", "{EB6CD0FC-7F70-4648-9AF5-9453062C4F1B}"
EndProject
Project("{FAE04EC0-301F-11D3-BF4B-00C04F79EFBC}") = "EXG04", "EXG04\EXG04.csproj", "{DDB9EE7C-3484-4095-901A-EB957FB38E1C}"
EndProject
Global
	GlobalSection(SolutionConfigurationPlatforms) = preSolution
		Debug|Any CPU = Debug|Any CPU
		Release|Any CPU = Release|Any CPU
	EndGlobalSection
	GlobalSection(ProjectConfigurationPlatforms) = postSolution
		{F03A92F4-31EB-4A5F-929C-5EA0B6A51503}.Debug|Any CPU.ActiveCfg = Debug|Any CPU
		{F03A92F4-31EB-4A5F-929C-5EA0B6A51503}.Debug|Any CPU.Build.0 = Debug|Any CPU
		{F03A92F4-31EB-4A5F-929C-5EA0B6A51503}.Release|Any CPU.ActiveCfg = Release|Any CPU
		{F03A92F4-31EB-4A5F-929C-5EA0B6A51503}.Release|Any CPU.Build.0 = Release|Any CPU
		{B2885187-87A3-4B51-8A3A-C7EDE29B5129}.Debug|Any CPU.ActiveCfg = Debug|Any CPU
		{B2885187-87A3-4B51-8A3A-C7EDE29B5129}.Debug|Any CPU.Build.0 = Debug|Any CPU
		{B2885187-87A3-4B51-8A3A-C7EDE29B5129}.Release|Any CPU.ActiveCfg = Release|Any CPU
		{B2885187-87A3-4B51-8A3A-C7EDE29B5129}.Release|Any CPU.Build.0 = Release|Any CPU
		{EB85CD26-9632-44E0-A14B-AF8F1BC1B54E}.Debug|Any CPU.ActiveCfg = Debug|Any CPU
		{EB85CD26-9632-44E0-A14B-AF8F1BC1B54E}.Debug|Any CPU.Build.0 = Debug|Any CPU
		{EB85CD26-9632-44E0-A14B-AF8F1BC1B54E}.Release|Any CPU.ActiveCfg = Release|Any CPU
		{EB85CD26-9632-44E0-A14B-AF8F1BC1B54E}.Release|Any CPU.Build.0 = Release|Any CPU
		{2106CC0D-4427-4861-A89F-C6C05878739E}.Debug|Any CPU.ActiveCfg = Debug|Any CPU
		{2106CC0D-4427-4861-A89F-C6C05878739E}.Debug|Any CPU.Build.0 = Debug|Any CPU
		{2106CC0D-4427-4861-A89F-C6C05878739E}.Release|Any CPU.ActiveCfg = Release|Any CPU
		{2106CC0D-4427-4861-A89F-C6C05878739E}.Release|Any CPU.Build.0 = Release|Any CPU
		{5BE6A92A-A1EB-41AA-9395-3C4600D19C96}.Debug|Any CPU.ActiveCfg = Debug|Any CPU
		{5BE6A92A-A1EB-41AA-9395-3C4600D19C96}.Debug|Any CPU.Build.0 = Debug|Any CPU
		{5BE6A92A-A1EB-41AA-9395-3C4600D19C96}.Release|Any CPU.ActiveCfg = Release|Any CPU
		{5BE6A92A-A1EB-41AA-9395-3C4600D19C96}.Release|Any CPU.Build.0 = Release|Any CPU
		{5B8BC2D5-9150-4611-A0AC-9328C8851639}.Debug|Any CPU.ActiveCfg = Debug|Any CPU
		{5B8BC2D5-9150-4611-A0AC-9328C8851639}.Debug|Any CPU.Build.0 = Debug|Any CPU
		{5B8BC2D5-9150-4611-A0AC-9328C8851639}.Release|Any CPU.ActiveCfg = Release|Any CPU
		{5B8BC2D5-9150-4611-A0AC-9328C8851639}.Release|Any CPU.Build.0 = Release|Any CPU
		{EB6CD0FC-7F70-4648-9AF5-9453062C4F1B}.Debug|Any CPU.ActiveCfg = Debug|Any CPU
		{EB6CD0FC-7F70-4648-9AF5-9453062C4F1B}.Debug|Any CPU.Build.0 = Debug|Any CPU
		{EB6CD0FC-7F70-4648-9AF5-9453062C4F1B}.Release|Any CPU.ActiveCfg = Release|Any CPU
		{EB6CD0FC-7F70-4648-9AF5-9453062C4F1B}.Release|Any CPU.Build.0 = Release|Any CPU
		{DDB9EE7C-3484-4095-901A-EB957FB38E1C}.Debug|Any CPU.ActiveCfg = Debug|Any CPU
		{DDB9EE7C-3484-4095-901A-EB957FB38E1C}.Debug|Any CPU.Build.0 = Debug|Any CPU
		{DDB9EE7C-3484-4095-901A-EB957FB38E1C}.Release|Any CPU.ActiveCfg = Release|Any CPU
		{DDB9EE7C-3484-4095-901A-EB957FB38E1C}.Release|Any CPU.Build.0 = Release|Any CPU
	EndGlobalSection
	GlobalSection(SolutionProperties) = preSolution
		HideSolutionNode = FALSE
	EndGlobalSection
EndGlobal
