
Microsoft Visual Studio Solution File, Format Version 12.00
# Visual Studio 2012
Project("{FAE04EC0-301F-11D3-BF4B-00C04F79EFBC}") = "test4", "test4\test4.csproj", "{C71EE2F7-74CA-4756-9CDD-45FB1B0DBA2F}"
EndProject
Global
	GlobalSection(SolutionConfigurationPlatforms) = preSolution
		Debug|Any CPU = Debug|Any CPU
		Release|Any CPU = Release|Any CPU
	EndGlobalSection
	GlobalSection(ProjectConfigurationPlatforms) = postSolution
		{C71EE2F7-74CA-4756-9CDD-45FB1B0DBA2F}.Debug|Any CPU.ActiveCfg = Debug|Any CPU
		{C71EE2F7-74CA-4756-9CDD-45FB1B0DBA2F}.Debug|Any CPU.Build.0 = Debug|Any CPU
		{C71EE2F7-74CA-4756-9CDD-45FB1B0DBA2F}.Release|Any CPU.ActiveCfg = Release|Any CPU
		{C71EE2F7-74CA-4756-9CDD-45FB1B0DBA2F}.Release|Any CPU.Build.0 = Release|Any CPU
	EndGlobalSection
	GlobalSection(SolutionProperties) = preSolution
		HideSolutionNode = FALSE
	EndGlobalSection
EndGlobal
