
Microsoft Visual Studio Solution File, Format Version 12.00
# Visual Studio 2012
Project("{FAE04EC0-301F-11D3-BF4B-00C04F79EFBC}") = "07-22-03", "07-22-03\07-22-03.csproj", "{F7216E06-69BA-4CB3-BE3C-1C0382B8252A}"
EndProject
Global
	GlobalSection(SolutionConfigurationPlatforms) = preSolution
		Debug|Any CPU = Debug|Any CPU
		Release|Any CPU = Release|Any CPU
	EndGlobalSection
	GlobalSection(ProjectConfigurationPlatforms) = postSolution
		{F7216E06-69BA-4CB3-BE3C-1C0382B8252A}.Debug|Any CPU.ActiveCfg = Debug|Any CPU
		{F7216E06-69BA-4CB3-BE3C-1C0382B8252A}.Debug|Any CPU.Build.0 = Debug|Any CPU
		{F7216E06-69BA-4CB3-BE3C-1C0382B8252A}.Release|Any CPU.ActiveCfg = Release|Any CPU
		{F7216E06-69BA-4CB3-BE3C-1C0382B8252A}.Release|Any CPU.Build.0 = Release|Any CPU
	EndGlobalSection
	GlobalSection(SolutionProperties) = preSolution
		HideSolutionNode = FALSE
	EndGlobalSection
EndGlobal
