
Microsoft Visual Studio Solution File, Format Version 12.00
# Visual Studio 2012
Project("{FAE04EC0-301F-11D3-BF4B-00C04F79EFBC}") = "KaonIDay02", "KaonIDay02\KaonIDay02.csproj", "{9F023F4E-39CF-422B-BF1E-92FB363DBA55}"
EndProject
Global
	GlobalSection(SolutionConfigurationPlatforms) = preSolution
		Debug|Any CPU = Debug|Any CPU
		Release|Any CPU = Release|Any CPU
	EndGlobalSection
	GlobalSection(ProjectConfigurationPlatforms) = postSolution
		{9F023F4E-39CF-422B-BF1E-92FB363DBA55}.Debug|Any CPU.ActiveCfg = Debug|Any CPU
		{9F023F4E-39CF-422B-BF1E-92FB363DBA55}.Debug|Any CPU.Build.0 = Debug|Any CPU
		{9F023F4E-39CF-422B-BF1E-92FB363DBA55}.Release|Any CPU.ActiveCfg = Release|Any CPU
		{9F023F4E-39CF-422B-BF1E-92FB363DBA55}.Release|Any CPU.Build.0 = Release|Any CPU
	EndGlobalSection
	GlobalSection(SolutionProperties) = preSolution
		HideSolutionNode = FALSE
	EndGlobalSection
EndGlobal
