
Microsoft Visual Studio Solution File, Format Version 12.00
# Visual Studio 2012
Project("{FAE04EC0-301F-11D3-BF4B-00C04F79EFBC}") = "Hello.VS2", "Hello.VS2\Hello.VS2.csproj", "{A9FCF945-F87C-4702-9F13-DAF4C82A5DFC}"
EndProject
Global
	GlobalSection(SolutionConfigurationPlatforms) = preSolution
		Debug|Any CPU = Debug|Any CPU
		Release|Any CPU = Release|Any CPU
	EndGlobalSection
	GlobalSection(ProjectConfigurationPlatforms) = postSolution
		{A9FCF945-F87C-4702-9F13-DAF4C82A5DFC}.Debug|Any CPU.ActiveCfg = Debug|Any CPU
		{A9FCF945-F87C-4702-9F13-DAF4C82A5DFC}.Debug|Any CPU.Build.0 = Debug|Any CPU
		{A9FCF945-F87C-4702-9F13-DAF4C82A5DFC}.Release|Any CPU.ActiveCfg = Release|Any CPU
		{A9FCF945-F87C-4702-9F13-DAF4C82A5DFC}.Release|Any CPU.Build.0 = Release|Any CPU
	EndGlobalSection
	GlobalSection(SolutionProperties) = preSolution
		HideSolutionNode = FALSE
	EndGlobalSection
EndGlobal
